
Microsoft Visual Studio Solution File, Format Version 12.00
# Visual Studio Version 17
VisualStudioVersion = 17.8.34309.116
MinimumVisualStudioVersion = 10.0.40219.1
Project("{9A19103F-16F7-4668-BE54-9A1E7A4F7556}") = "JsonBinMin", "JsonBinMin\JsonBinMin.csproj", "{BBBB1E15-B5F5-4AFF-8606-81DADF9D5830}"
EndProject
Project("{9A19103F-16F7-4668-BE54-9A1E7A4F7556}") = "JsonBinMin.Tests", "JsonBinMin.Tests\JsonBinMin.Tests.csproj", "{D5E74A99-C550-4EB6-8F05-6373488F8146}"
EndProject
Project("{2150E333-8FDC-42A3-9474-1A3956D46DE8}") = "Solution Items", "Solution Items", "{DFDC3AE6-5679-4D30-9E66-7993CFA6E49D}"
	ProjectSection(SolutionItems) = preProject
		.editorconfig = .editorconfig
	EndProjectSection
EndProject
Project("{9A19103F-16F7-4668-BE54-9A1E7A4F7556}") = "JsonBinMin.Perf", "JsonBinMin.Perf\JsonBinMin.Perf.csproj", "{3E2A4258-6EEC-4E78-8545-4E85B3B3E872}"
EndProject
Project("{9A19103F-16F7-4668-BE54-9A1E7A4F7556}") = "JsonBinMin.Analysis", "JsonBinMin.Analysis\JsonBinMin.Analysis.csproj", "{79B92E89-A2BC-4765-BDA2-D03D5B7F6808}"
EndProject
Project("{9A19103F-16F7-4668-BE54-9A1E7A4F7556}") = "JsonBinMin.SizeTests", "JsonBinMin.SizeTests\JsonBinMin.SizeTests.csproj", "{D94D7BDE-C7C9-41D6-A5A1-3618A5E8C897}"
EndProject
Global
	GlobalSection(SolutionConfigurationPlatforms) = preSolution
		Debug|Any CPU = Debug|Any CPU
		Release|Any CPU = Release|Any CPU
	EndGlobalSection
	GlobalSection(ProjectConfigurationPlatforms) = postSolution
		{BBBB1E15-B5F5-4AFF-8606-81DADF9D5830}.Debug|Any CPU.ActiveCfg = Debug|Any CPU
		{BBBB1E15-B5F5-4AFF-8606-81DADF9D5830}.Debug|Any CPU.Build.0 = Debug|Any CPU
		{BBBB1E15-B5F5-4AFF-8606-81DADF9D5830}.Release|Any CPU.ActiveCfg = Release|Any CPU
		{BBBB1E15-B5F5-4AFF-8606-81DADF9D5830}.Release|Any CPU.Build.0 = Release|Any CPU
		{D5E74A99-C550-4EB6-8F05-6373488F8146}.Debug|Any CPU.ActiveCfg = Debug|Any CPU
		{D5E74A99-C550-4EB6-8F05-6373488F8146}.Debug|Any CPU.Build.0 = Debug|Any CPU
		{D5E74A99-C550-4EB6-8F05-6373488F8146}.Release|Any CPU.ActiveCfg = Release|Any CPU
		{D5E74A99-C550-4EB6-8F05-6373488F8146}.Release|Any CPU.Build.0 = Release|Any CPU
		{3E2A4258-6EEC-4E78-8545-4E85B3B3E872}.Debug|Any CPU.ActiveCfg = Debug|Any CPU
		{3E2A4258-6EEC-4E78-8545-4E85B3B3E872}.Debug|Any CPU.Build.0 = Debug|Any CPU
		{3E2A4258-6EEC-4E78-8545-4E85B3B3E872}.Release|Any CPU.ActiveCfg = Release|Any CPU
		{3E2A4258-6EEC-4E78-8545-4E85B3B3E872}.Release|Any CPU.Build.0 = Release|Any CPU
		{79B92E89-A2BC-4765-BDA2-D03D5B7F6808}.Debug|Any CPU.ActiveCfg = Debug|Any CPU
		{79B92E89-A2BC-4765-BDA2-D03D5B7F6808}.Debug|Any CPU.Build.0 = Debug|Any CPU
		{79B92E89-A2BC-4765-BDA2-D03D5B7F6808}.Release|Any CPU.ActiveCfg = Release|Any CPU
		{79B92E89-A2BC-4765-BDA2-D03D5B7F6808}.Release|Any CPU.Build.0 = Release|Any CPU
		{D94D7BDE-C7C9-41D6-A5A1-3618A5E8C897}.Debug|Any CPU.ActiveCfg = Debug|Any CPU
		{D94D7BDE-C7C9-41D6-A5A1-3618A5E8C897}.Debug|Any CPU.Build.0 = Debug|Any CPU
		{D94D7BDE-C7C9-41D6-A5A1-3618A5E8C897}.Release|Any CPU.ActiveCfg = Release|Any CPU
		{D94D7BDE-C7C9-41D6-A5A1-3618A5E8C897}.Release|Any CPU.Build.0 = Release|Any CPU
	EndGlobalSection
	GlobalSection(SolutionProperties) = preSolution
		HideSolutionNode = FALSE
	EndGlobalSection
	GlobalSection(ExtensibilityGlobals) = postSolution
		SolutionGuid = {7F93B7F1-B8BB-4E5C-A7B3-76E8227835FE}
	EndGlobalSection
EndGlobal
